<?xml version="1.0" encoding="utf-8"?>
<Project ToolsVersion="4.0" xmlns="http://schemas.microsoft.com/developer/msbuild/2003">
  <ItemGroup>
    <Filter Include="源文件">
      <UniqueIdentifier>{4FC737F1-C7A5-4376-A066-2A32D752A2FF}</UniqueIdentifier>
      <Extensions>cpp;c;cc;cxx;def;odl;idl;hpj;bat;asm;asmx</Extensions>
    </Filter>
    <Filter Include="头文件">
      <UniqueIdentifier>{93995380-89BD-4b04-88EB-625FBE52EBFB}</UniqueIdentifier>
      <Extensions>h;hpp;hxx;hm;inl;inc;xsd</Extensions>
    </Filter>
    <Filter Include="资源文件">
      <UniqueIdentifier>{67DA6AB6-F800-4c08-8B7A-83BB121AAD01}</UniqueIdentifier>
      <Extensions>rc;ico;cur;bmp;dlg;rc2;rct;bin;rgs;gif;jpg;jpeg;jpe;resx;tiff;tif;png;wav</Extensions>
    </Filter>
  </ItemGroup>
  <ItemGroup>
    <ClCompile Include="..\src\voice_id\cluster.c">
      <Filter>源文件</Filter>
    </ClCompile>
    <ClCompile Include="..\src\DebugDlg.c">
      <Filter>源文件</Filter>
    </ClCompile>
    <ClCompile Include="..\src\voice_id\FFT2.c">
      <Filter>源文件</Filter>
    </ClCompile>
    <ClCompile Include="..\src\FileDlg.c">
      <Filter>源文件</Filter>
    </ClCompile>
    <ClCompile Include="..\src\global.c">
      <Filter>源文件</Filter>
    </ClCompile>
    <ClCompile Include="..\src\voice_id\gmm.c">
      <Filter>源文件</Filter>
    </ClCompile>
    <ClCompile Include="..\src\MainDlg.c">
      <Filter>源文件</Filter>
    </ClCompile>
    <ClCompile Include="..\src\voice_id\mfcc.c">
      <Filter>源文件</Filter>
    </ClCompile>
    <ClCompile Include="..\src\myRecord.c">
      <Filter>源文件</Filter>
    </ClCompile>
    <ClCompile Include="..\src\voice_id\voiceIdentify.c">
      <Filter>源文件</Filter>
    </ClCompile>
    <ClCompile Include="..\src\voiceprint.c">
      <Filter>源文件</Filter>
    </ClCompile>
    <ClCompile Include="..\src\WinMain.c">
      <Filter>源文件</Filter>
    </ClCompile>
  </ItemGroup>
  <ItemGroup>
    <ClInclude Include="..\src\voice_id\cluster.h">
      <Filter>头文件</Filter>
    </ClInclude>
    <ClInclude Include="..\src\DebugDlg.h">
      <Filter>头文件</Filter>
    </ClInclude>
    <ClInclude Include="..\src\voice_id\FFT2.h">
      <Filter>头文件</Filter>
    </ClInclude>
    <ClInclude Include="..\src\FileDlg.h">
      <Filter>头文件</Filter>
    </ClInclude>
    <ClInclude Include="..\src\global.h">
      <Filter>头文件</Filter>
    </ClInclude>
    <ClInclude Include="..\src\voice_id\global.h">
      <Filter>头文件</Filter>
    </ClInclude>
    <ClInclude Include="..\src\voice_id\gmm.h">
      <Filter>头文件</Filter>
    </ClInclude>
    <ClInclude Include="..\src\MainDlg.h">
      <Filter>头文件</Filter>
    </ClInclude>
    <ClInclude Include="..\src\voice_id\mfcc.h">
      <Filter>头文件</Filter>
    </ClInclude>
    <ClInclude Include="..\src\myRecord.h">
      <Filter>头文件</Filter>
    </ClInclude>
    <ClInclude Include="..\src\resource.h">
      <Filter>头文件</Filter>
    </ClInclude>
    <ClInclude Include="..\src\voice_id\voiceIdentify.h">
      <Filter>头文件</Filter>
    </ClInclude>
    <ClInclude Include="..\src\voiceprint.h">
      <Filter>头文件</Filter>
    </ClInclude>
  </ItemGroup>
  <ItemGroup>
    <ResourceCompile Include="..\src\voiceprint.rc">
      <Filter>资源文件</Filter>
    </ResourceCompile>
  </ItemGroup>
  <ItemGroup>
    <Image Include="..\src\voiceprint.ico">
      <Filter>资源文件</Filter>
    </Image>
  </ItemGroup>
  <ItemGroup>
    <None Include="..\src\resource." />
  </ItemGroup>
</Project>